{
  "name": "cardflow",
  "version": "1.0.0",
  "lockfileVersion": 3,
  "requires": true,
  "packages": {
    "": {
      "name": "cardflow",
      "version": "1.0.0",
      "license": "ISC",
      "devDependencies": {
        "playwright": "^1.36.0"
      }
    },
    "node_modules/playwright": {
      "version": "1.36.0",
      "resolved": "https://registry.npmjs.org/playwright/-/playwright-1.36.0.tgz",
      "integrity": "sha512-ODVOTp5WoRMxDJY3liMmC+wVNicc0cQB17gASvQ+zLBggVK9a2x3gdT5mbl7av+zomvtdirWOqqfD+O6qIrFgw==",
      "dev": true,
      "hasInstallScript": true,
      "license": "Apache-2.0",
      "dependencies": {
        "playwright-core": "1.36.0"
      },
      "bin": {
        "playwright": "cli.js"
      },
      "engines": {
        "node": ">=16"
      }
    },
    "node_modules/playwright-core": {
      "version": "1.36.0",
      "resolved": "https://registry.npmjs.org/playwright-core/-/playwright-core-1.36.0.tgz",
      "integrity": "sha512-7RTr8P6YJPAqB+8j5ATGHqD6LvLLM39sYVNsslh78g8QeLcBs5750c6+msjrHUwwGt+kEbczBj1XB22WMwn+WA==",
      "dev": true,
      "license": "Apache-2.0",
      "bin": {
        "playwright-core": "cli.js"
      },
      "engines": {
        "node": ">=16"
      }
    }
  }
}
